
Microsoft Visual Studio Solution File, Format Version 12.00
# Visual Studio Version 16
VisualStudioVersion = 16.0.30907.101
MinimumVisualStudioVersion = 10.0.40219.1
Project("{9A19103F-16F7-4668-BE54-9A1E7A4F7556}") = "Valyreon.Elib.Wpf", "Valyreon.Elib.Wpf\Valyreon.Elib.Wpf.csproj", "{C1C774A0-C191-4D5C-AA7B-1E6DDA514F49}"
EndProject
Project("{9A19103F-16F7-4668-BE54-9A1E7A4F7556}") = "Valyreon.Elib.DataLayer", "Valyreon.Elib.DataLayer\Valyreon.Elib.DataLayer.csproj", "{D53E734D-4E65-4BFD-B685-4841BE6D0B59}"
EndProject
Project("{9A19103F-16F7-4668-BE54-9A1E7A4F7556}") = "Valyreon.Elib.Domain", "Valyreon.Elib.Domain\Valyreon.Elib.Domain.csproj", "{271EABFC-BECF-4134-B413-25518489D89A}"
EndProject
Project("{9A19103F-16F7-4668-BE54-9A1E7A4F7556}") = "Valyreon.Elib.EBookTools", "Valyreon.Elib.EBookTools\Valyreon.Elib.EBookTools.csproj", "{B63848DA-D068-4CC6-8C14-EAAB0AB6649C}"
EndProject
Project("{9A19103F-16F7-4668-BE54-9A1E7A4F7556}") = "Valyreon.Elib.Mvvm", "Valyreon.Elib.Mvvm\Valyreon.Elib.Mvvm.csproj", "{DB68AC36-B8CA-4D7B-898C-3E06A83F5ACB}"
EndProject
Project("{2150E333-8FDC-42A3-9474-1A3956D46DE8}") = "Solution Items", "Solution Items", "{8AC77996-8BB6-4496-B424-F17A000D7DA8}"
	ProjectSection(SolutionItems) = preProject
		.editorconfig = .editorconfig
	EndProjectSection
EndProject
Project("{FAE04EC0-301F-11D3-BF4B-00C04F79EFBC}") = "Valyreon.Elib.Tests", "Valyreon.Elib.Tests\Valyreon.Elib.Tests.csproj", "{2404AE58-7EC4-4385-980B-E15A4A37D072}"
EndProject
Global
	GlobalSection(SolutionConfigurationPlatforms) = preSolution
		Debug|Any CPU = Debug|Any CPU
		Debug|x64 = Debug|x64
		Release|Any CPU = Release|Any CPU
		Release|x64 = Release|x64
	EndGlobalSection
	GlobalSection(ProjectConfigurationPlatforms) = postSolution
		{C1C774A0-C191-4D5C-AA7B-1E6DDA514F49}.Debug|Any CPU.ActiveCfg = Debug|Any CPU
		{C1C774A0-C191-4D5C-AA7B-1E6DDA514F49}.Debug|Any CPU.Build.0 = Debug|Any CPU
		{C1C774A0-C191-4D5C-AA7B-1E6DDA514F49}.Debug|x64.ActiveCfg = Debug|x64
		{C1C774A0-C191-4D5C-AA7B-1E6DDA514F49}.Debug|x64.Build.0 = Debug|x64
		{C1C774A0-C191-4D5C-AA7B-1E6DDA514F49}.Release|Any CPU.ActiveCfg = Release|Any CPU
		{C1C774A0-C191-4D5C-AA7B-1E6DDA514F49}.Release|Any CPU.Build.0 = Release|Any CPU
		{C1C774A0-C191-4D5C-AA7B-1E6DDA514F49}.Release|x64.ActiveCfg = Release|x64
		{C1C774A0-C191-4D5C-AA7B-1E6DDA514F49}.Release|x64.Build.0 = Release|x64
		{D53E734D-4E65-4BFD-B685-4841BE6D0B59}.Debug|Any CPU.ActiveCfg = Debug|Any CPU
		{D53E734D-4E65-4BFD-B685-4841BE6D0B59}.Debug|Any CPU.Build.0 = Debug|Any CPU
		{D53E734D-4E65-4BFD-B685-4841BE6D0B59}.Debug|x64.ActiveCfg = Debug|Any CPU
		{D53E734D-4E65-4BFD-B685-4841BE6D0B59}.Debug|x64.Build.0 = Debug|Any CPU
		{D53E734D-4E65-4BFD-B685-4841BE6D0B59}.Release|Any CPU.ActiveCfg = Release|Any CPU
		{D53E734D-4E65-4BFD-B685-4841BE6D0B59}.Release|Any CPU.Build.0 = Release|Any CPU
		{D53E734D-4E65-4BFD-B685-4841BE6D0B59}.Release|x64.ActiveCfg = Release|Any CPU
		{D53E734D-4E65-4BFD-B685-4841BE6D0B59}.Release|x64.Build.0 = Release|Any CPU
		{271EABFC-BECF-4134-B413-25518489D89A}.Debug|Any CPU.ActiveCfg = Debug|Any CPU
		{271EABFC-BECF-4134-B413-25518489D89A}.Debug|Any CPU.Build.0 = Debug|Any CPU
		{271EABFC-BECF-4134-B413-25518489D89A}.Debug|x64.ActiveCfg = Debug|Any CPU
		{271EABFC-BECF-4134-B413-25518489D89A}.Debug|x64.Build.0 = Debug|Any CPU
		{271EABFC-BECF-4134-B413-25518489D89A}.Release|Any CPU.ActiveCfg = Release|Any CPU
		{271EABFC-BECF-4134-B413-25518489D89A}.Release|Any CPU.Build.0 = Release|Any CPU
		{271EABFC-BECF-4134-B413-25518489D89A}.Release|x64.ActiveCfg = Release|Any CPU
		{271EABFC-BECF-4134-B413-25518489D89A}.Release|x64.Build.0 = Release|Any CPU
		{B63848DA-D068-4CC6-8C14-EAAB0AB6649C}.Debug|Any CPU.ActiveCfg = Debug|Any CPU
		{B63848DA-D068-4CC6-8C14-EAAB0AB6649C}.Debug|Any CPU.Build.0 = Debug|Any CPU
		{B63848DA-D068-4CC6-8C14-EAAB0AB6649C}.Debug|x64.ActiveCfg = Debug|Any CPU
		{B63848DA-D068-4CC6-8C14-EAAB0AB6649C}.Debug|x64.Build.0 = Debug|Any CPU
		{B63848DA-D068-4CC6-8C14-EAAB0AB6649C}.Release|Any CPU.ActiveCfg = Release|Any CPU
		{B63848DA-D068-4CC6-8C14-EAAB0AB6649C}.Release|Any CPU.Build.0 = Release|Any CPU
		{B63848DA-D068-4CC6-8C14-EAAB0AB6649C}.Release|x64.ActiveCfg = Release|Any CPU
		{B63848DA-D068-4CC6-8C14-EAAB0AB6649C}.Release|x64.Build.0 = Release|Any CPU
		{DB68AC36-B8CA-4D7B-898C-3E06A83F5ACB}.Debug|Any CPU.ActiveCfg = Debug|Any CPU
		{DB68AC36-B8CA-4D7B-898C-3E06A83F5ACB}.Debug|Any CPU.Build.0 = Debug|Any CPU
		{DB68AC36-B8CA-4D7B-898C-3E06A83F5ACB}.Debug|x64.ActiveCfg = Debug|Any CPU
		{DB68AC36-B8CA-4D7B-898C-3E06A83F5ACB}.Debug|x64.Build.0 = Debug|Any CPU
		{DB68AC36-B8CA-4D7B-898C-3E06A83F5ACB}.Release|Any CPU.ActiveCfg = Release|Any CPU
		{DB68AC36-B8CA-4D7B-898C-3E06A83F5ACB}.Release|Any CPU.Build.0 = Release|Any CPU
		{DB68AC36-B8CA-4D7B-898C-3E06A83F5ACB}.Release|x64.ActiveCfg = Release|Any CPU
		{DB68AC36-B8CA-4D7B-898C-3E06A83F5ACB}.Release|x64.Build.0 = Release|Any CPU
		{2404AE58-7EC4-4385-980B-E15A4A37D072}.Debug|Any CPU.ActiveCfg = Debug|Any CPU
		{2404AE58-7EC4-4385-980B-E15A4A37D072}.Debug|Any CPU.Build.0 = Debug|Any CPU
		{2404AE58-7EC4-4385-980B-E15A4A37D072}.Debug|x64.ActiveCfg = Debug|Any CPU
		{2404AE58-7EC4-4385-980B-E15A4A37D072}.Debug|x64.Build.0 = Debug|Any CPU
		{2404AE58-7EC4-4385-980B-E15A4A37D072}.Release|Any CPU.ActiveCfg = Release|Any CPU
		{2404AE58-7EC4-4385-980B-E15A4A37D072}.Release|Any CPU.Build.0 = Release|Any CPU
		{2404AE58-7EC4-4385-980B-E15A4A37D072}.Release|x64.ActiveCfg = Release|Any CPU
		{2404AE58-7EC4-4385-980B-E15A4A37D072}.Release|x64.Build.0 = Release|Any CPU
	EndGlobalSection
	GlobalSection(SolutionProperties) = preSolution
		HideSolutionNode = FALSE
	EndGlobalSection
	GlobalSection(ExtensibilityGlobals) = postSolution
		SolutionGuid = {87A7BCC4-FCE6-4895-9796-F95E9DDFED2B}
	EndGlobalSection
EndGlobal
